// !$*UTF8*$!
{
	archiveVersion = 1;
	classes = {
	};
	objectVersion = 46;
	objects = {

/* Begin PBXBuildFile section */
		34C1D855AAC91B034870309C /* Pods_AzureADUITests.framework in Frameworks */ = {isa = PBXBuildFile; fileRef = 6FFA0905E6F8DCE6A37B5B2F /* Pods_AzureADUITests.framework */; };
		8F2733A4B870AD6EFBDECDA1 /* Pods_AzureAD.framework in Frameworks */ = {isa = PBXBuildFile; fileRef = 0652F1E923B4BA8098862E66 /* Pods_AzureAD.framework */; };
		C226E5441EC2EC420008A44C /* HomeViewController.swift in Sources */ = {isa = PBXBuildFile; fileRef = C226E5431EC2EC420008A44C /* HomeViewController.swift */; };
		C226E5461EC2ED7E0008A44C /* adconfig.plist in Resources */ = {isa = PBXBuildFile; fileRef = C226E5451EC2ED7E0008A44C /* adconfig.plist */; };
		C226E54A1EC2EE660008A44C /* TaskViewController.swift in Sources */ = {isa = PBXBuildFile; fileRef = C226E5491EC2EE660008A44C /* TaskViewController.swift */; };
		C226E54C1EC2EE720008A44C /* SettingsViewController.swift in Sources */ = {isa = PBXBuildFile; fileRef = C226E54B1EC2EE720008A44C /* SettingsViewController.swift */; };
		C28304D81EC2E2870037E3D6 /* AppDelegate.swift in Sources */ = {isa = PBXBuildFile; fileRef = C28304D71EC2E2870037E3D6 /* AppDelegate.swift */; };
		C28304DD1EC2E2870037E3D6 /* Main.storyboard in Resources */ = {isa = PBXBuildFile; fileRef = C28304DB1EC2E2870037E3D6 /* Main.storyboard */; };
		C28304DF1EC2E2870037E3D6 /* Assets.xcassets in Resources */ = {isa = PBXBuildFile; fileRef = C28304DE1EC2E2870037E3D6 /* Assets.xcassets */; };
		C28304E21EC2E2870037E3D6 /* LaunchScreen.storyboard in Resources */ = {isa = PBXBuildFile; fileRef = C28304E01EC2E2870037E3D6 /* LaunchScreen.storyboard */; };
		C28304ED1EC2E2870037E3D6 /* AzureADTests.swift in Sources */ = {isa = PBXBuildFile; fileRef = C28304EC1EC2E2870037E3D6 /* AzureADTests.swift */; };
		C28304F81EC2E2870037E3D6 /* AzureADUITests.swift in Sources */ = {isa = PBXBuildFile; fileRef = C28304F71EC2E2870037E3D6 /* AzureADUITests.swift */; };
		C2B08BEF1EC30BB900508F67 /* UserTableViewCell.swift in Sources */ = {isa = PBXBuildFile; fileRef = C2B08BEE1EC30BB900508F67 /* UserTableViewCell.swift */; };
		C2B08BF11EC30BC400508F67 /* TaskTableViewCell.swift in Sources */ = {isa = PBXBuildFile; fileRef = C2B08BF01EC30BC400508F67 /* TaskTableViewCell.swift */; };
		EF901A3B98CF77F24F72EF5F /* Pods_AzureADTests.framework in Frameworks */ = {isa = PBXBuildFile; fileRef = 274D518719A827DE5BF9ED81 /* Pods_AzureADTests.framework */; };
/* End PBXBuildFile section */

/* Begin PBXContainerItemProxy section */
		C28304E91EC2E2870037E3D6 /* PBXContainerItemProxy */ = {
			isa = PBXContainerItemProxy;
			containerPortal = C28304CC1EC2E2870037E3D6 /* Project object */;
			proxyType = 1;
			remoteGlobalIDString = C28304D31EC2E2870037E3D6;
			remoteInfo = AzureAD;
		};
		C28304F41EC2E2870037E3D6 /* PBXContainerItemProxy */ = {
			isa = PBXContainerItemProxy;
			containerPortal = C28304CC1EC2E2870037E3D6 /* Project object */;
			proxyType = 1;
			remoteGlobalIDString = C28304D31EC2E2870037E3D6;
			remoteInfo = AzureAD;
		};
/* End PBXContainerItemProxy section */

/* Begin PBXFileReference section */
		0652F1E923B4BA8098862E66 /* Pods_AzureAD.framework */ = {isa = PBXFileReference; explicitFileType = wrapper.framework; includeInIndex = 0; path = Pods_AzureAD.framework; sourceTree = BUILT_PRODUCTS_DIR; };
		274D518719A827DE5BF9ED81 /* Pods_AzureADTests.framework */ = {isa = PBXFileReference; explicitFileType = wrapper.framework; includeInIndex = 0; path = Pods_AzureADTests.framework; sourceTree = BUILT_PRODUCTS_DIR; };
		6FFA0905E6F8DCE6A37B5B2F /* Pods_AzureADUITests.framework */ = {isa = PBXFileReference; explicitFileType = wrapper.framework; includeInIndex = 0; path = Pods_AzureADUITests.framework; sourceTree = BUILT_PRODUCTS_DIR; };
		71104BB980AD9CA7836D94E0 /* Pods-AzureADTests.debug.xcconfig */ = {isa = PBXFileReference; includeInIndex = 1; lastKnownFileType = text.xcconfig; name = "Pods-AzureADTests.debug.xcconfig"; path = "Pods/Target Support Files/Pods-AzureADTests/Pods-AzureADTests.debug.xcconfig"; sourceTree = "<group>"; };
		89FA10DAB1FD59D67A912445 /* Pods-AzureADUITests.debug.xcconfig */ = {isa = PBXFileReference; includeInIndex = 1; lastKnownFileType = text.xcconfig; name = "Pods-AzureADUITests.debug.xcconfig"; path = "Pods/Target Support Files/Pods-AzureADUITests/Pods-AzureADUITests.debug.xcconfig"; sourceTree = "<group>"; };
		B20B7167F86BBAC7EE3B98DD /* Pods-AzureADUITests.release.xcconfig */ = {isa = PBXFileReference; includeInIndex = 1; lastKnownFileType = text.xcconfig; name = "Pods-AzureADUITests.release.xcconfig"; path = "Pods/Target Support Files/Pods-AzureADUITests/Pods-AzureADUITests.release.xcconfig"; sourceTree = "<group>"; };
		B699F7F6328CFAEF55A5AAE9 /* Pods-AzureAD.debug.xcconfig */ = {isa = PBXFileReference; includeInIndex = 1; lastKnownFileType = text.xcconfig; name = "Pods-AzureAD.debug.xcconfig"; path = "Pods/Target Support Files/Pods-AzureAD/Pods-AzureAD.debug.xcconfig"; sourceTree = "<group>"; };
		C226E5431EC2EC420008A44C /* HomeViewController.swift */ = {isa = PBXFileReference; fileEncoding = 4; lastKnownFileType = sourcecode.swift; path = HomeViewController.swift; sourceTree = "<group>"; };
		C226E5451EC2ED7E0008A44C /* adconfig.plist */ = {isa = PBXFileReference; fileEncoding = 4; lastKnownFileType = text.plist.xml; path = adconfig.plist; sourceTree = "<group>"; };
		C226E5491EC2EE660008A44C /* TaskViewController.swift */ = {isa = PBXFileReference; fileEncoding = 4; lastKnownFileType = sourcecode.swift; path = TaskViewController.swift; sourceTree = "<group>"; };
		C226E54B1EC2EE720008A44C /* SettingsViewController.swift */ = {isa = PBXFileReference; fileEncoding = 4; lastKnownFileType = sourcecode.swift; path = SettingsViewController.swift; sourceTree = "<group>"; };
		C28304D41EC2E2870037E3D6 /* AzureAD.app */ = {isa = PBXFileReference; explicitFileType = wrapper.application; includeInIndex = 0; path = AzureAD.app; sourceTree = BUILT_PRODUCTS_DIR; };
		C28304D71EC2E2870037E3D6 /* AppDelegate.swift */ = {isa = PBXFileReference; lastKnownFileType = sourcecode.swift; path = AppDelegate.swift; sourceTree = "<group>"; };
		C28304DC1EC2E2870037E3D6 /* Base */ = {isa = PBXFileReference; lastKnownFileType = file.storyboard; name = Base; path = Base.lproj/Main.storyboard; sourceTree = "<group>"; };
		C28304DE1EC2E2870037E3D6 /* Assets.xcassets */ = {isa = PBXFileReference; lastKnownFileType = folder.assetcatalog; path = Assets.xcassets; sourceTree = "<group>"; };
		C28304E11EC2E2870037E3D6 /* Base */ = {isa = PBXFileReference; lastKnownFileType = file.storyboard; name = Base; path = Base.lproj/LaunchScreen.storyboard; sourceTree = "<group>"; };
		C28304E31EC2E2870037E3D6 /* Info.plist */ = {isa = PBXFileReference; lastKnownFileType = text.plist.xml; path = Info.plist; sourceTree = "<group>"; };
		C28304E81EC2E2870037E3D6 /* AzureADTests.xctest */ = {isa = PBXFileReference; explicitFileType = wrapper.cfbundle; includeInIndex = 0; path = AzureADTests.xctest; sourceTree = BUILT_PRODUCTS_DIR; };
		C28304EC1EC2E2870037E3D6 /* AzureADTests.swift */ = {isa = PBXFileReference; lastKnownFileType = sourcecode.swift; path = AzureADTests.swift; sourceTree = "<group>"; };
		C28304EE1EC2E2870037E3D6 /* Info.plist */ = {isa = PBXFileReference; lastKnownFileType = text.plist.xml; path = Info.plist; sourceTree = "<group>"; };
		C28304F31EC2E2870037E3D6 /* AzureADUITests.xctest */ = {isa = PBXFileReference; explicitFileType = wrapper.cfbundle; includeInIndex = 0; path = AzureADUITests.xctest; sourceTree = BUILT_PRODUCTS_DIR; };
		C28304F71EC2E2870037E3D6 /* AzureADUITests.swift */ = {isa = PBXFileReference; lastKnownFileType = sourcecode.swift; path = AzureADUITests.swift; sourceTree = "<group>"; };
		C28304F91EC2E2870037E3D6 /* Info.plist */ = {isa = PBXFileReference; lastKnownFileType = text.plist.xml; path = Info.plist; sourceTree = "<group>"; };
		C2B08BEE1EC30BB900508F67 /* UserTableViewCell.swift */ = {isa = PBXFileReference; fileEncoding = 4; lastKnownFileType = sourcecode.swift; path = UserTableViewCell.swift; sourceTree = "<group>"; };
		C2B08BF01EC30BC400508F67 /* TaskTableViewCell.swift */ = {isa = PBXFileReference; fileEncoding = 4; lastKnownFileType = sourcecode.swift; path = TaskTableViewCell.swift; sourceTree = "<group>"; };
		C8D0B4495D052E2127B577BF /* Pods-AzureADTests.release.xcconfig */ = {isa = PBXFileReference; includeInIndex = 1; lastKnownFileType = text.xcconfig; name = "Pods-AzureADTests.release.xcconfig"; path = "Pods/Target Support Files/Pods-AzureADTests/Pods-AzureADTests.release.xcconfig"; sourceTree = "<group>"; };
		CC2BE160BB184A035D775F90 /* Pods-AzureAD.release.xcconfig */ = {isa = PBXFileReference; includeInIndex = 1; lastKnownFileType = text.xcconfig; name = "Pods-AzureAD.release.xcconfig"; path = "Pods/Target Support Files/Pods-AzureAD/Pods-AzureAD.release.xcconfig"; sourceTree = "<group>"; };
/* End PBXFileReference section */

/* Begin PBXFrameworksBuildPhase section */
		C28304D11EC2E2870037E3D6 /* Frameworks */ = {
			isa = PBXFrameworksBuildPhase;
			buildActionMask = 2147483647;
			files = (
				8F2733A4B870AD6EFBDECDA1 /* Pods_AzureAD.framework in Frameworks */,
			);
			runOnlyForDeploymentPostprocessing = 0;
		};
		C28304E51EC2E2870037E3D6 /* Frameworks */ = {
			isa = PBXFrameworksBuildPhase;
			buildActionMask = 2147483647;
			files = (
				EF901A3B98CF77F24F72EF5F /* Pods_AzureADTests.framework in Frameworks */,
			);
			runOnlyForDeploymentPostprocessing = 0;
		};
		C28304F01EC2E2870037E3D6 /* Frameworks */ = {
			isa = PBXFrameworksBuildPhase;
			buildActionMask = 2147483647;
			files = (
				34C1D855AAC91B034870309C /* Pods_AzureADUITests.framework in Frameworks */,
			);
			runOnlyForDeploymentPostprocessing = 0;
		};
/* End PBXFrameworksBuildPhase section */

/* Begin PBXGroup section */
		A93A16DA0292646B26D50F63 /* Frameworks */ = {
			isa = PBXGroup;
			children = (
				0652F1E923B4BA8098862E66 /* Pods_AzureAD.framework */,
				274D518719A827DE5BF9ED81 /* Pods_AzureADTests.framework */,
				6FFA0905E6F8DCE6A37B5B2F /* Pods_AzureADUITests.framework */,
			);
			name = Frameworks;
			sourceTree = "<group>";
		};
		B7F487BC9786AEE59E90378C /* Pods */ = {
			isa = PBXGroup;
			children = (
				B699F7F6328CFAEF55A5AAE9 /* Pods-AzureAD.debug.xcconfig */,
				CC2BE160BB184A035D775F90 /* Pods-AzureAD.release.xcconfig */,
				71104BB980AD9CA7836D94E0 /* Pods-AzureADTests.debug.xcconfig */,
				C8D0B4495D052E2127B577BF /* Pods-AzureADTests.release.xcconfig */,
				89FA10DAB1FD59D67A912445 /* Pods-AzureADUITests.debug.xcconfig */,
				B20B7167F86BBAC7EE3B98DD /* Pods-AzureADUITests.release.xcconfig */,
			);
			name = Pods;
			sourceTree = "<group>";
		};
		C226E53E1EC2EBF40008A44C /* Resources */ = {
			isa = PBXGroup;
			children = (
				C28304E31EC2E2870037E3D6 /* Info.plist */,
				C28304DE1EC2E2870037E3D6 /* Assets.xcassets */,
				C226E5451EC2ED7E0008A44C /* adconfig.plist */,
			);
			name = Resources;
			sourceTree = "<group>";
		};
		C226E53F1EC2EBFC0008A44C /* Modules */ = {
			isa = PBXGroup;
			children = (
				C226E5481EC2EE580008A44C /* Task */,
				C226E5471EC2EE530008A44C /* Settings */,
				C226E5411EC2EC1C0008A44C /* Home */,
			);
			name = Modules;
			sourceTree = "<group>";
		};
		C226E5401EC2EC0A0008A44C /* App */ = {
			isa = PBXGroup;
			children = (
				C28304D71EC2E2870037E3D6 /* AppDelegate.swift */,
			);
			name = App;
			sourceTree = "<group>";
		};
		C226E5411EC2EC1C0008A44C /* Home */ = {
			isa = PBXGroup;
			children = (
				C2B08BED1EC30BA100508F67 /* TableCells */,
				C226E5431EC2EC420008A44C /* HomeViewController.swift */,
			);
			name = Home;
			sourceTree = "<group>";
		};
		C226E5471EC2EE530008A44C /* Settings */ = {
			isa = PBXGroup;
			children = (
				C226E54B1EC2EE720008A44C /* SettingsViewController.swift */,
			);
			name = Settings;
			sourceTree = "<group>";
		};
		C226E5481EC2EE580008A44C /* Task */ = {
			isa = PBXGroup;
			children = (
				C226E5491EC2EE660008A44C /* TaskViewController.swift */,
			);
			name = Task;
			sourceTree = "<group>";
		};
		C28304CB1EC2E2870037E3D6 = {
			isa = PBXGroup;
			children = (
				C28304D61EC2E2870037E3D6 /* AzureAD */,
				C28304EB1EC2E2870037E3D6 /* AzureADTests */,
				C28304F61EC2E2870037E3D6 /* AzureADUITests */,
				C28304D51EC2E2870037E3D6 /* Products */,
				B7F487BC9786AEE59E90378C /* Pods */,
				A93A16DA0292646B26D50F63 /* Frameworks */,
			);
			sourceTree = "<group>";
		};
		C28304D51EC2E2870037E3D6 /* Products */ = {
			isa = PBXGroup;
			children = (
				C28304D41EC2E2870037E3D6 /* AzureAD.app */,
				C28304E81EC2E2870037E3D6 /* AzureADTests.xctest */,
				C28304F31EC2E2870037E3D6 /* AzureADUITests.xctest */,
			);
			name = Products;
			sourceTree = "<group>";
		};
		C28304D61EC2E2870037E3D6 /* AzureAD */ = {
			isa = PBXGroup;
			children = (
				C226E5401EC2EC0A0008A44C /* App */,
				C226E53F1EC2EBFC0008A44C /* Modules */,
				C226E53E1EC2EBF40008A44C /* Resources */,
				C28304DB1EC2E2870037E3D6 /* Main.storyboard */,
				C28304E01EC2E2870037E3D6 /* LaunchScreen.storyboard */,
			);
			path = AzureAD;
			sourceTree = "<group>";
		};
		C28304EB1EC2E2870037E3D6 /* AzureADTests */ = {
			isa = PBXGroup;
			children = (
				C28304EC1EC2E2870037E3D6 /* AzureADTests.swift */,
				C28304EE1EC2E2870037E3D6 /* Info.plist */,
			);
			path = AzureADTests;
			sourceTree = "<group>";
		};
		C28304F61EC2E2870037E3D6 /* AzureADUITests */ = {
			isa = PBXGroup;
			children = (
				C28304F71EC2E2870037E3D6 /* AzureADUITests.swift */,
				C28304F91EC2E2870037E3D6 /* Info.plist */,
			);
			path = AzureADUITests;
			sourceTree = "<group>";
		};
		C2B08BED1EC30BA100508F67 /* TableCells */ = {
			isa = PBXGroup;
			children = (
				C2B08BEE1EC30BB900508F67 /* UserTableViewCell.swift */,
				C2B08BF01EC30BC400508F67 /* TaskTableViewCell.swift */,
			);
			name = TableCells;
			sourceTree = "<group>";
		};
/* End PBXGroup section */

/* Begin PBXNativeTarget section */
		C28304D31EC2E2870037E3D6 /* AzureAD */ = {
			isa = PBXNativeTarget;
			buildConfigurationList = C28304FC1EC2E2870037E3D6 /* Build configuration list for PBXNativeTarget "AzureAD" */;
			buildPhases = (
				AC61B09E345A3243E3804DA3 /* [CP] Check Pods Manifest.lock */,
				C28304D01EC2E2870037E3D6 /* Sources */,
				C28304D11EC2E2870037E3D6 /* Frameworks */,
				C28304D21EC2E2870037E3D6 /* Resources */,
				869D760E9C411DD425B0888C /* [CP] Embed Pods Frameworks */,
				0554E11F403A698536C42E88 /* [CP] Copy Pods Resources */,
			);
			buildRules = (
			);
			dependencies = (
			);
			name = AzureAD;
			productName = AzureAD;
			productReference = C28304D41EC2E2870037E3D6 /* AzureAD.app */;
			productType = "com.apple.product-type.application";
		};
		C28304E71EC2E2870037E3D6 /* AzureADTests */ = {
			isa = PBXNativeTarget;
			buildConfigurationList = C28304FF1EC2E2870037E3D6 /* Build configuration list for PBXNativeTarget "AzureADTests" */;
			buildPhases = (
				89F25D7EAA8441BDE8E2B24F /* [CP] Check Pods Manifest.lock */,
				C28304E41EC2E2870037E3D6 /* Sources */,
				C28304E51EC2E2870037E3D6 /* Frameworks */,
				C28304E61EC2E2870037E3D6 /* Resources */,
				53EBAD65FD8F4BEF394BEBF7 /* [CP] Embed Pods Frameworks */,
				D66301B689AD202A4CF316CE /* [CP] Copy Pods Resources */,
			);
			buildRules = (
			);
			dependencies = (
				C28304EA1EC2E2870037E3D6 /* PBXTargetDependency */,
			);
			name = AzureADTests;
			productName = AzureADTests;
			productReference = C28304E81EC2E2870037E3D6 /* AzureADTests.xctest */;
			productType = "com.apple.product-type.bundle.unit-test";
		};
		C28304F21EC2E2870037E3D6 /* AzureADUITests */ = {
			isa = PBXNativeTarget;
			buildConfigurationList = C28305021EC2E2870037E3D6 /* Build configuration list for PBXNativeTarget "AzureADUITests" */;
			buildPhases = (
				F413A6B4167F2FEBD3F2E164 /* [CP] Check Pods Manifest.lock */,
				C28304EF1EC2E2870037E3D6 /* Sources */,
				C28304F01EC2E2870037E3D6 /* Frameworks */,
				C28304F11EC2E2870037E3D6 /* Resources */,
				5AA76F135194D9FF5BC8F345 /* [CP] Embed Pods Frameworks */,
				0FA3109B500B1847F07A58E0 /* [CP] Copy Pods Resources */,
			);
			buildRules = (
			);
			dependencies = (
				C28304F51EC2E2870037E3D6 /* PBXTargetDependency */,
			);
			name = AzureADUITests;
			productName = AzureADUITests;
			productReference = C28304F31EC2E2870037E3D6 /* AzureADUITests.xctest */;
			productType = "com.apple.product-type.bundle.ui-testing";
		};
/* End PBXNativeTarget section */

/* Begin PBXProject section */
		C28304CC1EC2E2870037E3D6 /* Project object */ = {
			isa = PBXProject;
			attributes = {
				LastSwiftUpdateCheck = 0830;
				LastUpgradeCheck = 0830;
				ORGANIZATIONNAME = "Subodh Jena";
				TargetAttributes = {
					C28304D31EC2E2870037E3D6 = {
						CreatedOnToolsVersion = 8.3.1;
						ProvisioningStyle = Automatic;
					};
					C28304E71EC2E2870037E3D6 = {
						CreatedOnToolsVersion = 8.3.1;
						ProvisioningStyle = Automatic;
						TestTargetID = C28304D31EC2E2870037E3D6;
					};
					C28304F21EC2E2870037E3D6 = {
						CreatedOnToolsVersion = 8.3.1;
						ProvisioningStyle = Automatic;
						TestTargetID = C28304D31EC2E2870037E3D6;
					};
				};
			};
			buildConfigurationList = C28304CF1EC2E2870037E3D6 /* Build configuration list for PBXProject "AzureAD" */;
			compatibilityVersion = "Xcode 3.2";
			developmentRegion = English;
			hasScannedForEncodings = 0;
			knownRegions = (
				en,
				Base,
			);
			mainGroup = C28304CB1EC2E2870037E3D6;
			productRefGroup = C28304D51EC2E2870037E3D6 /* Products */;
			projectDirPath = "";
			projectRoot = "";
			targets = (
				C28304D31EC2E2870037E3D6 /* AzureAD */,
				C28304E71EC2E2870037E3D6 /* AzureADTests */,
				C28304F21EC2E2870037E3D6 /* AzureADUITests */,
			);
		};
/* End PBXProject section */

/* Begin PBXResourcesBuildPhase section */
		C28304D21EC2E2870037E3D6 /* Resources */ = {
			isa = PBXResourcesBuildPhase;
			buildActionMask = 2147483647;
			files = (
				C28304E21EC2E2870037E3D6 /* LaunchScreen.storyboard in Resources */,
				C28304DF1EC2E2870037E3D6 /* Assets.xcassets in Resources */,
				C28304DD1EC2E2870037E3D6 /* Main.storyboard in Resources */,
				C226E5461EC2ED7E0008A44C /* adconfig.plist in Resources */,
			);
			runOnlyForDeploymentPostprocessing = 0;
		};
		C28304E61EC2E2870037E3D6 /* Resources */ = {
			isa = PBXResourcesBuildPhase;
			buildActionMask = 2147483647;
			files = (
			);
			runOnlyForDeploymentPostprocessing = 0;
		};
		C28304F11EC2E2870037E3D6 /* Resources */ = {
			isa = PBXResourcesBuildPhase;
			buildActionMask = 2147483647;
			files = (
			);
			runOnlyForDeploymentPostprocessing = 0;
		};
/* End PBXResourcesBuildPhase section */

/* Begin PBXShellScriptBuildPhase section */
		0554E11F403A698536C42E88 /* [CP] Copy Pods Resources */ = {
			isa = PBXShellScriptBuildPhase;
			buildActionMask = 2147483647;
			files = (
			);
			inputPaths = (
			);
			name = "[CP] Copy Pods Resources";
			outputPaths = (
			);
			runOnlyForDeploymentPostprocessing = 0;
			shellPath = /bin/sh;
			shellScript = "\"${SRCROOT}/Pods/Target Support Files/Pods-AzureAD/Pods-AzureAD-resources.sh\"\n";
			showEnvVarsInLog = 0;
		};
		0FA3109B500B1847F07A58E0 /* [CP] Copy Pods Resources */ = {
			isa = PBXShellScriptBuildPhase;
			buildActionMask = 2147483647;
			files = (
			);
			inputPaths = (
			);
			name = "[CP] Copy Pods Resources";
			outputPaths = (
			);
			runOnlyForDeploymentPostprocessing = 0;
			shellPath = /bin/sh;
			shellScript = "\"${SRCROOT}/Pods/Target Support Files/Pods-AzureADUITests/Pods-AzureADUITests-resources.sh\"\n";
			showEnvVarsInLog = 0;
		};
		53EBAD65FD8F4BEF394BEBF7 /* [CP] Embed Pods Frameworks */ = {
			isa = PBXShellScriptBuildPhase;
			buildActionMask = 2147483647;
			files = (
			);
			inputPaths = (
			);
			name = "[CP] Embed Pods Frameworks";
			outputPaths = (
			);
			runOnlyForDeploymentPostprocessing = 0;
			shellPath = /bin/sh;
			shellScript = "\"${SRCROOT}/Pods/Target Support Files/Pods-AzureADTests/Pods-AzureADTests-frameworks.sh\"\n";
			showEnvVarsInLog = 0;
		};
		5AA76F135194D9FF5BC8F345 /* [CP] Embed Pods Frameworks */ = {
			isa = PBXShellScriptBuildPhase;
			buildActionMask = 2147483647;
			files = (
			);
			inputPaths = (
			);
			name = "[CP] Embed Pods Frameworks";
			outputPaths = (
			);
			runOnlyForDeploymentPostprocessing = 0;
			shellPath = /bin/sh;
			shellScript = "\"${SRCROOT}/Pods/Target Support Files/Pods-AzureADUITests/Pods-AzureADUITests-frameworks.sh\"\n";
			showEnvVarsInLog = 0;
		};
		869D760E9C411DD425B0888C /* [CP] Embed Pods Frameworks */ = {
			isa = PBXShellScriptBuildPhase;
			buildActionMask = 2147483647;
			files = (
			);
			inputPaths = (
			);
			name = "[CP] Embed Pods Frameworks";
			outputPaths = (
			);
			runOnlyForDeploymentPostprocessing = 0;
			shellPath = /bin/sh;
			shellScript = "\"${SRCROOT}/Pods/Target Support Files/Pods-AzureAD/Pods-AzureAD-frameworks.sh\"\n";
			showEnvVarsInLog = 0;
		};
		89F25D7EAA8441BDE8E2B24F /* [CP] Check Pods Manifest.lock */ = {
			isa = PBXShellScriptBuildPhase;
			buildActionMask = 2147483647;
			files = (
			);
			inputPaths = (
			);
			name = "[CP] Check Pods Manifest.lock";
			outputPaths = (
			);
			runOnlyForDeploymentPostprocessing = 0;
			shellPath = /bin/sh;
			shellScript = "diff \"${PODS_ROOT}/../Podfile.lock\" \"${PODS_ROOT}/Manifest.lock\" > /dev/null\nif [ $? != 0 ] ; then\n    # print error to STDERR\n    echo \"error: The sandbox is not in sync with the Podfile.lock. Run 'pod install' or update your CocoaPods installation.\" >&2\n    exit 1\nfi\n";
			showEnvVarsInLog = 0;
		};
		AC61B09E345A3243E3804DA3 /* [CP] Check Pods Manifest.lock */ = {
			isa = PBXShellScriptBuildPhase;
			buildActionMask = 2147483647;
			files = (
			);
			inputPaths = (
			);
			name = "[CP] Check Pods Manifest.lock";
			outputPaths = (
			);
			runOnlyForDeploymentPostprocessing = 0;
			shellPath = /bin/sh;
			shellScript = "diff \"${PODS_ROOT}/../Podfile.lock\" \"${PODS_ROOT}/Manifest.lock\" > /dev/null\nif [ $? != 0 ] ; then\n    # print error to STDERR\n    echo \"error: The sandbox is not in sync with the Podfile.lock. Run 'pod install' or update your CocoaPods installation.\" >&2\n    exit 1\nfi\n";
			showEnvVarsInLog = 0;
		};
		D66301B689AD202A4CF316CE /* [CP] Copy Pods Resources */ = {
			isa = PBXShellScriptBuildPhase;
			buildActionMask = 2147483647;
			files = (
			);
			inputPaths = (
			);
			name = "[CP] Copy Pods Resources";
			outputPaths = (
			);
			runOnlyForDeploymentPostprocessing = 0;
			shellPath = /bin/sh;
			shellScript = "\"${SRCROOT}/Pods/Target Support Files/Pods-AzureADTests/Pods-AzureADTests-resources.sh\"\n";
			showEnvVarsInLog = 0;
		};
		F413A6B4167F2FEBD3F2E164 /* [CP] Check Pods Manifest.lock */ = {
			isa = PBXShellScriptBuildPhase;
			buildActionMask = 2147483647;
			files = (
			);
			inputPaths = (
			);
			name = "[CP] Check Pods Manifest.lock";
			outputPaths = (
			);
			runOnlyForDeploymentPostprocessing = 0;
			shellPath = /bin/sh;
			shellScript = "diff \"${PODS_ROOT}/../Podfile.lock\" \"${PODS_ROOT}/Manifest.lock\" > /dev/null\nif [ $? != 0 ] ; then\n    # print error to STDERR\n    echo \"error: The sandbox is not in sync with the Podfile.lock. Run 'pod install' or update your CocoaPods installation.\" >&2\n    exit 1\nfi\n";
			showEnvVarsInLog = 0;
		};
/* End PBXShellScriptBuildPhase section */

/* Begin PBXSourcesBuildPhase section */
		C28304D01EC2E2870037E3D6 /* Sources */ = {
			isa = PBXSourcesBuildPhase;
			buildActionMask = 2147483647;
			files = (
				C28304D81EC2E2870037E3D6 /* AppDelegate.swift in Sources */,
				C226E5441EC2EC420008A44C /* HomeViewController.swift in Sources */,
				C2B08BF11EC30BC400508F67 /* TaskTableViewCell.swift in Sources */,
				C226E54A1EC2EE660008A44C /* TaskViewController.swift in Sources */,
				C226E54C1EC2EE720008A44C /* SettingsViewController.swift in Sources */,
				C2B08BEF1EC30BB900508F67 /* UserTableViewCell.swift in Sources */,
			);
			runOnlyForDeploymentPostprocessing = 0;
		};
		C28304E41EC2E2870037E3D6 /* Sources */ = {
			isa = PBXSourcesBuildPhase;
			buildActionMask = 2147483647;
			files = (
				C28304ED1EC2E2870037E3D6 /* AzureADTests.swift in Sources */,
			);
			runOnlyForDeploymentPostprocessing = 0;
		};
		C28304EF1EC2E2870037E3D6 /* Sources */ = {
			isa = PBXSourcesBuildPhase;
			buildActionMask = 2147483647;
			files = (
				C28304F81EC2E2870037E3D6 /* AzureADUITests.swift in Sources */,
			);
			runOnlyForDeploymentPostprocessing = 0;
		};
/* End PBXSourcesBuildPhase section */

/* Begin PBXTargetDependency section */
		C28304EA1EC2E2870037E3D6 /* PBXTargetDependency */ = {
			isa = PBXTargetDependency;
			target = C28304D31EC2E2870037E3D6 /* AzureAD */;
			targetProxy = C28304E91EC2E2870037E3D6 /* PBXContainerItemProxy */;
		};
		C28304F51EC2E2870037E3D6 /* PBXTargetDependency */ = {
			isa = PBXTargetDependency;
			target = C28304D31EC2E2870037E3D6 /* AzureAD */;
			targetProxy = C28304F41EC2E2870037E3D6 /* PBXContainerItemProxy */;
		};
/* End PBXTargetDependency section */

/* Begin PBXVariantGroup section */
		C28304DB1EC2E2870037E3D6 /* Main.storyboard */ = {
			isa = PBXVariantGroup;
			children = (
				C28304DC1EC2E2870037E3D6 /* Base */,
			);
			name = Main.storyboard;
			sourceTree = "<group>";
		};
		C28304E01EC2E2870037E3D6 /* LaunchScreen.storyboard */ = {
			isa = PBXVariantGroup;
			children = (
				C28304E11EC2E2870037E3D6 /* Base */,
			);
			name = LaunchScreen.storyboard;
			sourceTree = "<group>";
		};
/* End PBXVariantGroup section */

/* Begin XCBuildConfiguration section */
		C28304FA1EC2E2870037E3D6 /* Debug */ = {
			isa = XCBuildConfiguration;
			buildSettings = {
				ALWAYS_SEARCH_USER_PATHS = NO;
				CLANG_ANALYZER_NONNULL = YES;
				CLANG_ANALYZER_NUMBER_OBJECT_CONVERSION = YES_AGGRESSIVE;
				CLANG_CXX_LANGUAGE_STANDARD = "gnu++0x";
				CLANG_CXX_LIBRARY = "libc++";
				CLANG_ENABLE_MODULES = YES;
				CLANG_ENABLE_OBJC_ARC = YES;
				CLANG_WARN_BOOL_CONVERSION = YES;
				CLANG_WARN_CONSTANT_CONVERSION = YES;
				CLANG_WARN_DIRECT_OBJC_ISA_USAGE = YES_ERROR;
				CLANG_WARN_DOCUMENTATION_COMMENTS = YES;
				CLANG_WARN_EMPTY_BODY = YES;
				CLANG_WARN_ENUM_CONVERSION = YES;
				CLANG_WARN_INFINITE_RECURSION = YES;
				CLANG_WARN_INT_CONVERSION = YES;
				CLANG_WARN_OBJC_ROOT_CLASS = YES_ERROR;
				CLANG_WARN_SUSPICIOUS_MOVE = YES;
				CLANG_WARN_UNREACHABLE_CODE = YES;
				CLANG_WARN__DUPLICATE_METHOD_MATCH = YES;
				"CODE_SIGN_IDENTITY[sdk=iphoneos*]" = "iPhone Developer";
				COPY_PHASE_STRIP = NO;
				DEBUG_INFORMATION_FORMAT = dwarf;
				ENABLE_STRICT_OBJC_MSGSEND = YES;
				ENABLE_TESTABILITY = YES;
				GCC_C_LANGUAGE_STANDARD = gnu99;
				GCC_DYNAMIC_NO_PIC = NO;
				GCC_NO_COMMON_BLOCKS = YES;
				GCC_OPTIMIZATION_LEVEL = 0;
				GCC_PREPROCESSOR_DEFINITIONS = (
					"DEBUG=1",
					"$(inherited)",
				);
				GCC_WARN_64_TO_32_BIT_CONVERSION = YES;
				GCC_WARN_ABOUT_RETURN_TYPE = YES_ERROR;
				GCC_WARN_UNDECLARED_SELECTOR = YES;
				GCC_WARN_UNINITIALIZED_AUTOS = YES_AGGRESSIVE;
				GCC_WARN_UNUSED_FUNCTION = YES;
				GCC_WARN_UNUSED_VARIABLE = YES;
				IPHONEOS_DEPLOYMENT_TARGET = 10.3;
				MTL_ENABLE_DEBUG_INFO = YES;
				ONLY_ACTIVE_ARCH = YES;
				SDKROOT = iphoneos;
				SWIFT_ACTIVE_COMPILATION_CONDITIONS = DEBUG;
				SWIFT_OPTIMIZATION_LEVEL = "-Onone";
				TARGETED_DEVICE_FAMILY = "1,2";
			};
			name = Debug;
		};
		C28304FB1EC2E2870037E3D6 /* Release */ = {
			isa = XCBuildConfiguration;
			buildSettings = {
				ALWAYS_SEARCH_USER_PATHS = NO;
				CLANG_ANALYZER_NONNULL = YES;
				CLANG_ANALYZER_NUMBER_OBJECT_CONVERSION = YES_AGGRESSIVE;
				CLANG_CXX_LANGUAGE_STANDARD = "gnu++0x";
				CLANG_CXX_LIBRARY = "libc++";
				CLANG_ENABLE_MODULES = YES;
				CLANG_ENABLE_OBJC_ARC = YES;
				CLANG_WARN_BOOL_CONVERSION = YES;
				CLANG_WARN_CONSTANT_CONVERSION = YES;
				CLANG_WARN_DIRECT_OBJC_ISA_USAGE = YES_ERROR;
				CLANG_WARN_DOCUMENTATION_COMMENTS = YES;
				CLANG_WARN_EMPTY_BODY = YES;
				CLANG_WARN_ENUM_CONVERSION = YES;
				CLANG_WARN_INFINITE_RECURSION = YES;
				CLANG_WARN_INT_CONVERSION = YES;
				CLANG_WARN_OBJC_ROOT_CLASS = YES_ERROR;
				CLANG_WARN_SUSPICIOUS_MOVE = YES;
				CLANG_WARN_UNREACHABLE_CODE = YES;
				CLANG_WARN__DUPLICATE_METHOD_MATCH = YES;
				"CODE_SIGN_IDENTITY[sdk=iphoneos*]" = "iPhone Developer";
				COPY_PHASE_STRIP = NO;
				DEBUG_INFORMATION_FORMAT = "dwarf-with-dsym";
				ENABLE_NS_ASSERTIONS = NO;
				ENABLE_STRICT_OBJC_MSGSEND = YES;
				GCC_C_LANGUAGE_STANDARD = gnu99;
				GCC_NO_COMMON_BLOCKS = YES;
				GCC_WARN_64_TO_32_BIT_CONVERSION = YES;
				GCC_WARN_ABOUT_RETURN_TYPE = YES_ERROR;
				GCC_WARN_UNDECLARED_SELECTOR = YES;
				GCC_WARN_UNINITIALIZED_AUTOS = YES_AGGRESSIVE;
				GCC_WARN_UNUSED_FUNCTION = YES;
				GCC_WARN_UNUSED_VARIABLE = YES;
				IPHONEOS_DEPLOYMENT_TARGET = 10.3;
				MTL_ENABLE_DEBUG_INFO = NO;
				SDKROOT = iphoneos;
				SWIFT_OPTIMIZATION_LEVEL = "-Owholemodule";
				TARGETED_DEVICE_FAMILY = "1,2";
				VALIDATE_PRODUCT = YES;
			};
			name = Release;
		};
		C28304FD1EC2E2870037E3D6 /* Debug */ = {
			isa = XCBuildConfiguration;
			baseConfigurationReference = B699F7F6328CFAEF55A5AAE9 /* Pods-AzureAD.debug.xcconfig */;
			buildSettings = {
				ASSETCATALOG_COMPILER_APPICON_NAME = AppIcon;
				INFOPLIST_FILE = AzureAD/Info.plist;
				LD_RUNPATH_SEARCH_PATHS = "$(inherited) @executable_path/Frameworks";
				PRODUCT_BUNDLE_IDENTIFIER = com.subodhjena.AzureAD;
				PRODUCT_NAME = "$(TARGET_NAME)";
				SWIFT_VERSION = 3.0;
			};
			name = Debug;
		};
		C28304FE1EC2E2870037E3D6 /* Release */ = {
			isa = XCBuildConfiguration;
			baseConfigurationReference = CC2BE160BB184A035D775F90 /* Pods-AzureAD.release.xcconfig */;
			buildSettings = {
				ASSETCATALOG_COMPILER_APPICON_NAME = AppIcon;
				INFOPLIST_FILE = AzureAD/Info.plist;
				LD_RUNPATH_SEARCH_PATHS = "$(inherited) @executable_path/Frameworks";
				PRODUCT_BUNDLE_IDENTIFIER = com.subodhjena.AzureAD;
				PRODUCT_NAME = "$(TARGET_NAME)";
				SWIFT_VERSION = 3.0;
			};
			name = Release;
		};
		C28305001EC2E2870037E3D6 /* Debug */ = {
			isa = XCBuildConfiguration;
			baseConfigurationReference = 71104BB980AD9CA7836D94E0 /* Pods-AzureADTests.debug.xcconfig */;
			buildSettings = {
				ALWAYS_EMBED_SWIFT_STANDARD_LIBRARIES = YES;
				BUNDLE_LOADER = "$(TEST_HOST)";
				INFOPLIST_FILE = AzureADTests/Info.plist;
				LD_RUNPATH_SEARCH_PATHS = "$(inherited) @executable_path/Frameworks @loader_path/Frameworks";
				PRODUCT_BUNDLE_IDENTIFIER = com.subodhjena.AzureADTests;
				PRODUCT_NAME = "$(TARGET_NAME)";
				SWIFT_VERSION = 3.0;
				TEST_HOST = "$(BUILT_PRODUCTS_DIR)/AzureAD.app/AzureAD";
			};
			name = Debug;
		};
		C28305011EC2E2870037E3D6 /* Release */ = {
			isa = XCBuildConfiguration;
			baseConfigurationReference = C8D0B4495D052E2127B577BF /* Pods-AzureADTests.release.xcconfig */;
			buildSettings = {
				ALWAYS_EMBED_SWIFT_STANDARD_LIBRARIES = YES;
				BUNDLE_LOADER = "$(TEST_HOST)";
				INFOPLIST_FILE = AzureADTests/Info.plist;
				LD_RUNPATH_SEARCH_PATHS = "$(inherited) @executable_path/Frameworks @loader_path/Frameworks";
				PRODUCT_BUNDLE_IDENTIFIER = com.subodhjena.AzureADTests;
				PRODUCT_NAME = "$(TARGET_NAME)";
				SWIFT_VERSION = 3.0;
				TEST_HOST = "$(BUILT_PRODUCTS_DIR)/AzureAD.app/AzureAD";
			};
			name = Release;
		};
		C28305031EC2E2870037E3D6 /* Debug */ = {
			isa = XCBuildConfiguration;
			baseConfigurationReference = 89FA10DAB1FD59D67A912445 /* Pods-AzureADUITests.debug.xcconfig */;
			buildSettings = {
				ALWAYS_EMBED_SWIFT_STANDARD_LIBRARIES = YES;
				INFOPLIST_FILE = AzureADUITests/Info.plist;
				LD_RUNPATH_SEARCH_PATHS = "$(inherited) @executable_path/Frameworks @loader_path/Frameworks";
				PRODUCT_BUNDLE_IDENTIFIER = com.subodhjena.AzureADUITests;
				PRODUCT_NAME = "$(TARGET_NAME)";
				SWIFT_VERSION = 3.0;
				TEST_TARGET_NAME = AzureAD;
			};
			name = Debug;
		};
		C28305041EC2E2870037E3D6 /* Release */ = {
			isa = XCBuildConfiguration;
			baseConfigurationReference = B20B7167F86BBAC7EE3B98DD /* Pods-AzureADUITests.release.xcconfig */;
			buildSettings = {
				ALWAYS_EMBED_SWIFT_STANDARD_LIBRARIES = YES;
				INFOPLIST_FILE = AzureADUITests/Info.plist;
				LD_RUNPATH_SEARCH_PATHS = "$(inherited) @executable_path/Frameworks @loader_path/Frameworks";
				PRODUCT_BUNDLE_IDENTIFIER = com.subodhjena.AzureADUITests;
				PRODUCT_NAME = "$(TARGET_NAME)";
				SWIFT_VERSION = 3.0;
				TEST_TARGET_NAME = AzureAD;
			};
			name = Release;
		};
/* End XCBuildConfiguration section */

/* Begin XCConfigurationList section */
		C28304CF1EC2E2870037E3D6 /* Build configuration list for PBXProject "AzureAD" */ = {
			isa = XCConfigurationList;
			buildConfigurations = (
				C28304FA1EC2E2870037E3D6 /* Debug */,
				C28304FB1EC2E2870037E3D6 /* Release */,
			);
			defaultConfigurationIsVisible = 0;
			defaultConfigurationName = Release;
		};
		C28304FC1EC2E2870037E3D6 /* Build configuration list for PBXNativeTarget "AzureAD" */ = {
			isa = XCConfigurationList;
			buildConfigurations = (
				C28304FD1EC2E2870037E3D6 /* Debug */,
				C28304FE1EC2E2870037E3D6 /* Release */,
			);
			defaultConfigurationIsVisible = 0;
			defaultConfigurationName = Release;
		};
		C28304FF1EC2E2870037E3D6 /* Build configuration list for PBXNativeTarget "AzureADTests" */ = {
			isa = XCConfigurationList;
			buildConfigurations = (
				C28305001EC2E2870037E3D6 /* Debug */,
				C28305011EC2E2870037E3D6 /* Release */,
			);
			defaultConfigurationIsVisible = 0;
			defaultConfigurationName = Release;
		};
		C28305021EC2E2870037E3D6 /* Build configuration list for PBXNativeTarget "AzureADUITests" */ = {
			isa = XCConfigurationList;
			buildConfigurations = (
				C28305031EC2E2870037E3D6 /* Debug */,
				C28305041EC2E2870037E3D6 /* Release */,
			);
			defaultConfigurationIsVisible = 0;
			defaultConfigurationName = Release;
		};
/* End XCConfigurationList section */
	};
	rootObject = C28304CC1EC2E2870037E3D6 /* Project object */;
}
